{
  "name": "npm_test_alexsus",
  "version": "1.0.0",
  "lockfileVersion": 3,
  "requires": true,
  "packages": {
    "": {
      "name": "npm_test_alexsus",
      "version": "1.0.0",
      "license": "ISC"
    },
    "node_modules/npm_test_alexsus": {
      "resolved": "",
      "link": true
    }
  }
}
